
Microsoft Visual Studio Solution File, Format Version 12.00
# Visual Studio 15
VisualStudioVersion = 15.0.28307.572
MinimumVisualStudioVersion = 10.0.40219.1
Project("{FAE04EC0-301F-11D3-BF4B-00C04F79EFBC}") = "SuperHeroReviews", "SuperHeroReviews\SuperHeroReviews.csproj", "{3C056013-120D-41BF-BD84-DD9BE709E1F2}"
EndProject
Project("{FAE04EC0-301F-11D3-BF4B-00C04F79EFBC}") = "SuperHeroReviews.Tests", "SuperHeroReviews.Tests\SuperHeroReviews.Tests.csproj", "{D1033EBE-DD3A-4148-AC6B-B6753262A76B}"
EndProject
Global
	GlobalSection(SolutionConfigurationPlatforms) = preSolution
		Debug|Any CPU = Debug|Any CPU
		Release|Any CPU = Release|Any CPU
	EndGlobalSection
	GlobalSection(ProjectConfigurationPlatforms) = postSolution
		{3C056013-120D-41BF-BD84-DD9BE709E1F2}.Debug|Any CPU.ActiveCfg = Debug|Any CPU
		{3C056013-120D-41BF-BD84-DD9BE709E1F2}.Debug|Any CPU.Build.0 = Debug|Any CPU
		{3C056013-120D-41BF-BD84-DD9BE709E1F2}.Release|Any CPU.ActiveCfg = Release|Any CPU
		{3C056013-120D-41BF-BD84-DD9BE709E1F2}.Release|Any CPU.Build.0 = Release|Any CPU
		{D1033EBE-DD3A-4148-AC6B-B6753262A76B}.Debug|Any CPU.ActiveCfg = Debug|Any CPU
		{D1033EBE-DD3A-4148-AC6B-B6753262A76B}.Debug|Any CPU.Build.0 = Debug|Any CPU
		{D1033EBE-DD3A-4148-AC6B-B6753262A76B}.Release|Any CPU.ActiveCfg = Release|Any CPU
		{D1033EBE-DD3A-4148-AC6B-B6753262A76B}.Release|Any CPU.Build.0 = Release|Any CPU
	EndGlobalSection
	GlobalSection(SolutionProperties) = preSolution
		HideSolutionNode = FALSE
	EndGlobalSection
	GlobalSection(ExtensibilityGlobals) = postSolution
		SolutionGuid = {B3CE7EDA-C774-441B-80BD-BEBD1131568A}
	EndGlobalSection
EndGlobal
